# THIS IS AN AUTOGENERATED FILE. DO NOT EDIT THIS FILE DIRECTLY.
# yarn lockfile v1


dotenv-export@^2.0.0:
  version "2.0.0"
  resolved "https://registry.yarnpkg.com/dotenv-export/-/dotenv-export-2.0.0.tgz#d6b54840da5220824abc938e2c69f5f0b820f47f"
  integrity sha512-2PZ521l0JUIR6LSOEWtB59i4BOd9KZwSmGcRK2MKlPFc+zC5zSes0OYcG6PREsdtd7e/pyXKqFbWikM7NqcL4A==
